
Microsoft Visual Studio Solution File, Format Version 12.00
# Visual Studio Version 16
VisualStudioVersion = 16.0.31729.503
MinimumVisualStudioVersion = 10.0.40219.1
Project("{9A19103F-16F7-4668-BE54-9A1E7A4F7556}") = "CarRentalManagement.Server", "CarRentalManagement\Server\CarRentalManagement.Server.csproj", "{59BAEE19-0929-4808-B3E8-02BA693793A3}"
EndProject
Project("{9A19103F-16F7-4668-BE54-9A1E7A4F7556}") = "CarRentalManagement.Client", "CarRentalManagement\Client\CarRentalManagement.Client.csproj", "{C42C186D-614E-47E9-9CEC-F073B5508533}"
EndProject
Project("{9A19103F-16F7-4668-BE54-9A1E7A4F7556}") = "CarRentalManagement.Shared", "CarRentalManagement\Shared\CarRentalManagement.Shared.csproj", "{3C22FB74-26AA-4272-9939-C32A35F0F9B2}"
EndProject
Global
	GlobalSection(SolutionConfigurationPlatforms) = preSolution
		Debug|Any CPU = Debug|Any CPU
		Release|Any CPU = Release|Any CPU
	EndGlobalSection
	GlobalSection(ProjectConfigurationPlatforms) = postSolution
		{59BAEE19-0929-4808-B3E8-02BA693793A3}.Debug|Any CPU.ActiveCfg = Debug|Any CPU
		{59BAEE19-0929-4808-B3E8-02BA693793A3}.Debug|Any CPU.Build.0 = Debug|Any CPU
		{59BAEE19-0929-4808-B3E8-02BA693793A3}.Release|Any CPU.ActiveCfg = Release|Any CPU
		{59BAEE19-0929-4808-B3E8-02BA693793A3}.Release|Any CPU.Build.0 = Release|Any CPU
		{C42C186D-614E-47E9-9CEC-F073B5508533}.Debug|Any CPU.ActiveCfg = Debug|Any CPU
		{C42C186D-614E-47E9-9CEC-F073B5508533}.Debug|Any CPU.Build.0 = Debug|Any CPU
		{C42C186D-614E-47E9-9CEC-F073B5508533}.Release|Any CPU.ActiveCfg = Release|Any CPU
		{C42C186D-614E-47E9-9CEC-F073B5508533}.Release|Any CPU.Build.0 = Release|Any CPU
		{3C22FB74-26AA-4272-9939-C32A35F0F9B2}.Debug|Any CPU.ActiveCfg = Debug|Any CPU
		{3C22FB74-26AA-4272-9939-C32A35F0F9B2}.Debug|Any CPU.Build.0 = Debug|Any CPU
		{3C22FB74-26AA-4272-9939-C32A35F0F9B2}.Release|Any CPU.ActiveCfg = Release|Any CPU
		{3C22FB74-26AA-4272-9939-C32A35F0F9B2}.Release|Any CPU.Build.0 = Release|Any CPU
	EndGlobalSection
	GlobalSection(SolutionProperties) = preSolution
		HideSolutionNode = FALSE
	EndGlobalSection
	GlobalSection(ExtensibilityGlobals) = postSolution
		SolutionGuid = {AAA7A60B-D8CB-4B7A-B5CB-DE40CD0B5039}
	EndGlobalSection
EndGlobal
